{
  "lockfileVersion": 1,
  "configVersion": 0,
  "workspaces": {
    "": {
      "name": "pi-learn",
      "peerDependencies": {
        "@earendil-works/pi-ai": "*",
        "@earendil-works/pi-coding-agent": "*",
        "@earendil-works/pi-tui": "*",
      },
      "optionalPeers": [
        "@earendil-works/pi-ai",
        "@earendil-works/pi-coding-agent",
        "@earendil-works/pi-tui",
      ],
    },
  },
  "packages": {}
}
